{
  "version": 4,
  "terraform_version": "1.15.6",
  "serial": 1,
  "lineage": "b5615175-591f-3b09-0146-6863206d3c21",
  "outputs": {
    "bucket_name": {
      "value": "tf-onboarding-cfonseca30-001",
      "type": "string"
    }
  },
  "resources": [
    {
      "mode": "managed",
      "type": "google_storage_bucket",
      "name": "bucket",
      "provider": "provider[\"registry.terraform.io/hashicorp/google\"]",
      "instances": [
        {
          "schema_version": 4,
          "attributes": {
            "autoclass": [],
            "cors": [],
            "custom_placement_config": [],
            "default_event_based_hold": false,
            "deletion_policy": "DELETE",
            "effective_labels": {
              "goog-terraform-provisioned": "true"
            },
            "enable_object_retention": false,
            "encryption": [],
            "force_destroy": true,
            "hierarchical_namespace": [
              {
                "enabled": false
              }
            ],
            "id": "tf-onboarding-cfonseca30-001",
            "ip_filter": [],
            "labels": null,
            "lifecycle_rule": [],
            "location": "US-CENTRAL1",
            "logging": [],
            "name": "tf-onboarding-cfonseca30-001",
            "project": "sit-devops-training",
            "project_number": 225988200293,
            "public_access_prevention": "inherited",
            "requester_pays": false,
            "retention_policy": [],
            "rpo": null,
            "self_link": "https://www.googleapis.com/storage/v1/b/tf-onboarding-cfonseca30-001",
            "soft_delete_policy": [
              {
                "effective_time": "2026-06-16T15:30:44.466Z",
                "retention_duration_seconds": 604800
              }
            ],
            "storage_class": "STANDARD",
            "terraform_labels": {
              "goog-terraform-provisioned": "true"
            },
            "time_created": "2026-06-16T15:30:44.466Z",
            "timeouts": null,
            "uniform_bucket_level_access": false,
            "updated": "2026-06-16T15:30:44.466Z",
            "url": "gs://tf-onboarding-cfonseca30-001",
            "versioning": [],
            "website": []
          },
          "sensitive_attributes": [],
          "identity_schema_version": 1,
          "identity": {
            "name": "tf-onboarding-cfonseca30-001",
            "project": "sit-devops-training"
          },
          "private": "eyJlMmJmYjczMC1lY2FhLTExZTYtOGY4OC0zNDM2M2JjN2M0YzAiOnsiY3JlYXRlIjo2MDAwMDAwMDAwMDAsInJlYWQiOjI0MDAwMDAwMDAwMCwidXBkYXRlIjoyNDAwMDAwMDAwMDB9LCJzY2hlbWFfdmVyc2lvbiI6IjQifQ=="
        }
      ]
    }
  ],
  "check_results": null
}
